
Microsoft Visual Studio Solution File, Format Version 12.00
# Visual Studio Version 17
VisualStudioVersion = 17.1.32210.238
MinimumVisualStudioVersion = 10.0.40219.1
Project("{FAE04EC0-301F-11D3-BF4B-00C04F79EFBC}") = "takmicenje-backend", "takmicenje-backend.csproj", "{BA741652-8EE3-47C4-8629-5624274F83CF}"
EndProject
Project("{FAE04EC0-301F-11D3-BF4B-00C04F79EFBC}") = "DataAccessLayer", "..\DataAccessLayer\DataAccessLayer.csproj", "{B8128F1B-229B-4744-B73F-BCF7F3D9B346}"
EndProject
Project("{FAE04EC0-301F-11D3-BF4B-00C04F79EFBC}") = "BusinessAccessLayer", "..\BusinessAccessLayer\BusinessAccessLayer.csproj", "{F4A7F0EF-EAF0-4523-A495-7AC620A94644}"
EndProject
Global
	GlobalSection(SolutionConfigurationPlatforms) = preSolution
		Debug|Any CPU = Debug|Any CPU
		Release|Any CPU = Release|Any CPU
	EndGlobalSection
	GlobalSection(ProjectConfigurationPlatforms) = postSolution
		{BA741652-8EE3-47C4-8629-5624274F83CF}.Debug|Any CPU.ActiveCfg = Debug|Any CPU
		{BA741652-8EE3-47C4-8629-5624274F83CF}.Debug|Any CPU.Build.0 = Debug|Any CPU
		{BA741652-8EE3-47C4-8629-5624274F83CF}.Release|Any CPU.ActiveCfg = Release|Any CPU
		{BA741652-8EE3-47C4-8629-5624274F83CF}.Release|Any CPU.Build.0 = Release|Any CPU
		{B8128F1B-229B-4744-B73F-BCF7F3D9B346}.Debug|Any CPU.ActiveCfg = Debug|Any CPU
		{B8128F1B-229B-4744-B73F-BCF7F3D9B346}.Debug|Any CPU.Build.0 = Debug|Any CPU
		{B8128F1B-229B-4744-B73F-BCF7F3D9B346}.Release|Any CPU.ActiveCfg = Release|Any CPU
		{B8128F1B-229B-4744-B73F-BCF7F3D9B346}.Release|Any CPU.Build.0 = Release|Any CPU
		{F4A7F0EF-EAF0-4523-A495-7AC620A94644}.Debug|Any CPU.ActiveCfg = Debug|Any CPU
		{F4A7F0EF-EAF0-4523-A495-7AC620A94644}.Debug|Any CPU.Build.0 = Debug|Any CPU
		{F4A7F0EF-EAF0-4523-A495-7AC620A94644}.Release|Any CPU.ActiveCfg = Release|Any CPU
		{F4A7F0EF-EAF0-4523-A495-7AC620A94644}.Release|Any CPU.Build.0 = Release|Any CPU
	EndGlobalSection
	GlobalSection(SolutionProperties) = preSolution
		HideSolutionNode = FALSE
	EndGlobalSection
	GlobalSection(ExtensibilityGlobals) = postSolution
		SolutionGuid = {240925CB-6F66-4345-AD26-16F9E3DABA63}
	EndGlobalSection
EndGlobal
